
Microsoft Visual Studio Solution File, Format Version 12.00
# Visual Studio Version 16
VisualStudioVersion = 16.0.30114.105
MinimumVisualStudioVersion = 10.0.40219.1
Project("{FAE04EC0-301F-11D3-BF4B-00C04F79EFBC}") = "LevelheadServer", "LevelheadServer\LevelheadServer.csproj", "{8B2FF960-9CFD-437F-A5C8-48FE939F1159}"
EndProject
Global
	GlobalSection(SolutionConfigurationPlatforms) = preSolution
		Debug|Any CPU = Debug|Any CPU
		Release|Any CPU = Release|Any CPU
	EndGlobalSection
	GlobalSection(ProjectConfigurationPlatforms) = postSolution
		{8B2FF960-9CFD-437F-A5C8-48FE939F1159}.Debug|Any CPU.ActiveCfg = Debug|Any CPU
		{8B2FF960-9CFD-437F-A5C8-48FE939F1159}.Debug|Any CPU.Build.0 = Debug|Any CPU
		{8B2FF960-9CFD-437F-A5C8-48FE939F1159}.Release|Any CPU.ActiveCfg = Release|Any CPU
		{8B2FF960-9CFD-437F-A5C8-48FE939F1159}.Release|Any CPU.Build.0 = Release|Any CPU
	EndGlobalSection
	GlobalSection(SolutionProperties) = preSolution
		HideSolutionNode = FALSE
	EndGlobalSection
	GlobalSection(ExtensibilityGlobals) = postSolution
		SolutionGuid = {689F67F2-2A48-4F49-A922-ED1BAB7DCFF5}
	EndGlobalSection
EndGlobal
